
Microsoft Visual Studio Solution File, Format Version 12.00
# Visual Studio 15
VisualStudioVersion = 15.0.28010.2046
MinimumVisualStudioVersion = 10.0.40219.1
Project("{FAE04EC0-301F-11D3-BF4B-00C04F79EFBC}") = "d3dx-wrapper", "d3dx-wrapper\d3dx-wrapper.csproj", "{EB83A9B6-F12E-4223-8064-FF3CDFECC1CD}"
EndProject
Global
	GlobalSection(SolutionConfigurationPlatforms) = preSolution
		Debug|Any CPU = Debug|Any CPU
		Release|Any CPU = Release|Any CPU
	EndGlobalSection
	GlobalSection(ProjectConfigurationPlatforms) = postSolution
		{EB83A9B6-F12E-4223-8064-FF3CDFECC1CD}.Debug|Any CPU.ActiveCfg = Debug|Any CPU
		{EB83A9B6-F12E-4223-8064-FF3CDFECC1CD}.Debug|Any CPU.Build.0 = Debug|Any CPU
		{EB83A9B6-F12E-4223-8064-FF3CDFECC1CD}.Release|Any CPU.ActiveCfg = Release|Any CPU
		{EB83A9B6-F12E-4223-8064-FF3CDFECC1CD}.Release|Any CPU.Build.0 = Release|Any CPU
	EndGlobalSection
	GlobalSection(SolutionProperties) = preSolution
		HideSolutionNode = FALSE
	EndGlobalSection
	GlobalSection(ExtensibilityGlobals) = postSolution
		SolutionGuid = {79D2096C-6D90-4ED6-8C36-F49028EC9D6D}
	EndGlobalSection
EndGlobal
